<Solution>
  <Folder Name="/Task0/">
    <Project Path="Tyuiu.SklyarovAM.Sprint1.Task0.V4.Lib/Tyuiu.SklyarovAM.Sprint1.Task0.V4.Lib.csproj" Id="7ff96f62-388e-4c93-82d1-d06957aa8685" />
    <Project Path="Tyuiu.SklyarovAM.Sprint1.Task0.V4.Test/Tyuiu.SklyarovAM.Sprint1.Task0.V4.Test.csproj" Id="92cb72b2-b703-4353-abfa-b1b7dc21b177" />
    <Project Path="Tyuiu.SklyarovAM.Sprint1.Task0.V4/Tyuiu.SklyarovAM.Sprint1.Task0.V4.csproj" Id="fcab78de-09e1-4eb0-b453-9982342d541b" />
  </Folder>
  <Folder Name="/Task1/">
    <Project Path="Tyuiu.SklyarovAM.Sprint1.Task1.V1.Lib/Tyuiu.SklyarovAM.Sprint1.Task1.V1.Lib.csproj" Id="ffdd39ae-17a8-4e96-a9a3-6eb37429a0ed" />
    <Project Path="Tyuiu.SklyarovAM.Sprint1.Task1.V1.Test/Tyuiu.SklyarovAM.Sprint1.Task1.V1.Test.csproj" Id="15748813-5dc7-495e-ae1b-9ba0e1673496" />
    <Project Path="Tyuiu.SklyarovAM.Sprint1.Task1.V1/Tyuiu.SklyarovAM.Sprint1.Task1.V1.csproj" Id="bbffe172-e3ff-4e76-968e-0b3d847b5320" />
  </Folder>
  <Folder Name="/Task2/">
    <Project Path="Tyuiu.SklyarovAM.Sprint1.Task2.V14.Lib/Tyuiu.SklyarovAM.Sprint1.Task2.V14.Lib.csproj" Id="0234a082-73ad-4578-b9a4-b5924a58340f" />
    <Project Path="Tyuiu.SklyarovAM.Sprint1.Task2.V14.Test/Tyuiu.SklyarovAM.Sprint1.Task2.V14.Test.csproj" Id="5304bc74-7d38-4d53-bfdf-16fa9c21a638" />
    <Project Path="Tyuiu.SklyarovAM.Sprint1.Task2.V14/Tyuiu.SklyarovAM.Sprint1.Task2.V14.csproj" Id="9073e01c-d9e4-412a-986b-98caf3990202" />
  </Folder>
  <Folder Name="/Task3/">
    <Project Path="Tyuiu.SklyarovAM.Sprint1.Task3.V1.Lib/Tyuiu.SklyarovAM.Sprint1.Task3.V1.Lib.csproj" Id="3b84ffde-d7af-437b-8954-0740ad42fd25" />
    <Project Path="Tyuiu.SklyarovAM.Sprint1.Task3.V1.Test/Tyuiu.SklyarovAM.Sprint1.Task3.V1.Test.csproj" Id="28dc0dc5-5223-4b0d-8411-95ee612aea38" />
    <Project Path="Tyuiu.SklyarovAM.Sprint1.Task3.V1/Tyuiu.SklyarovAM.Sprint1.Task3.V1.csproj" Id="65e9e04e-773f-4706-9154-7c1abd3f1e27" />
  </Folder>
  <Folder Name="/Task4/">
    <Project Path="Tyuiu.SklyarovAM.Sprint1.Task4.V9.Lib/Tyuiu.SklyarovAM.Sprint1.Task4.V9.Lib.csproj" Id="969b1d29-0e60-479c-92eb-512de7bd8d91" />
    <Project Path="Tyuiu.SklyarovAM.Sprint1.Task4.V9.Test/Tyuiu.SklyarovAM.Sprint1.Task4.V9.Test.csproj" Id="33eac79d-abc1-4b4d-ac02-7d53ad68b286" />
    <Project Path="Tyuiu.SklyarovAM.Sprint1.Task4.V9/Tyuiu.SklyarovAM.Sprint1.Task4.V9.csproj" Id="9f01fa82-1591-4f27-86dc-81a35f7d7467" />
  </Folder>
  <Folder Name="/Task5/">
    <Project Path="Tyuiu.SklyarovAM.Sprint1.Task5.V3.Lib/Tyuiu.SklyarovAM.Sprint1.Task5.V3.Lib.csproj" Id="79db64cb-63b8-4eda-8f40-9791a8b7c983" />
    <Project Path="Tyuiu.SklyarovAM.Sprint1.Task5.V3.Test/Tyuiu.SklyarovAM.Sprint1.Task5.V3.Test.csproj" Id="c293c839-990e-47be-829c-53a618756a42" />
    <Project Path="Tyuiu.SklyarovAM.Sprint1.Task5.V3/Tyuiu.SklyarovAM.Sprint1.Task5.V3.csproj" Id="1bb48a8c-9270-4dca-961a-5b03abf718e0" />
  </Folder>
</Solution>
